{
  "name": "client_packages",
  "version": "1.0.0",
  "lockfileVersion": 1,
  "requires": true,
  "dependencies": {
    "@types/ragemp-c": {
      "version": "github:CocaColaBear/types-ragemp-c#cb6f6c987244683ec3684bfb44d669db111c07a0",
      "from": "github:CocaColaBear/types-ragemp-c#master",
      "dev": true
    }
  }
}
